// !$*UTF8*$!
{
	archiveVersion = 1;
	classes = {
	};
	objectVersion = 50;
	objects = {

/* Begin PBXBuildFile section */
		52CC135E248A741200D7D523 /* AppDelegate.swift in Sources */ = {isa = PBXBuildFile; fileRef = 52CC135D248A741200D7D523 /* AppDelegate.swift */; };
		52CC1360248A741200D7D523 /* SceneDelegate.swift in Sources */ = {isa = PBXBuildFile; fileRef = 52CC135F248A741200D7D523 /* SceneDelegate.swift */; };
		52CC1362248A741200D7D523 /* ViewController.swift in Sources */ = {isa = PBXBuildFile; fileRef = 52CC1361248A741200D7D523 /* ViewController.swift */; };
		52CC1365248A741200D7D523 /* Main.storyboard in Resources */ = {isa = PBXBuildFile; fileRef = 52CC1363248A741200D7D523 /* Main.storyboard */; };
		52CC1367248A741400D7D523 /* Assets.xcassets in Resources */ = {isa = PBXBuildFile; fileRef = 52CC1366248A741400D7D523 /* Assets.xcassets */; };
		52CC136A248A741400D7D523 /* LaunchScreen.storyboard in Resources */ = {isa = PBXBuildFile; fileRef = 52CC1368248A741400D7D523 /* LaunchScreen.storyboard */; };
		52CC1375248A741400D7D523 /* LookAroundTests.swift in Sources */ = {isa = PBXBuildFile; fileRef = 52CC1374248A741400D7D523 /* LookAroundTests.swift */; };
/* End PBXBuildFile section */

/* Begin PBXContainerItemProxy section */
		52CC1371248A741400D7D523 /* PBXContainerItemProxy */ = {
			isa = PBXContainerItemProxy;
			containerPortal = 52CC1352248A741200D7D523 /* Project object */;
			proxyType = 1;
			remoteGlobalIDString = 52CC1359248A741200D7D523;
			remoteInfo = LookAround;
		};
/* End PBXContainerItemProxy section */

/* Begin PBXFileReference section */
		52CC135A248A741200D7D523 /* LookAround.app */ = {isa = PBXFileReference; explicitFileType = wrapper.application; includeInIndex = 0; path = LookAround.app; sourceTree = BUILT_PRODUCTS_DIR; };
		52CC135D248A741200D7D523 /* AppDelegate.swift */ = {isa = PBXFileReference; lastKnownFileType = sourcecode.swift; path = AppDelegate.swift; sourceTree = "<group>"; };
		52CC135F248A741200D7D523 /* SceneDelegate.swift */ = {isa = PBXFileReference; lastKnownFileType = sourcecode.swift; path = SceneDelegate.swift; sourceTree = "<group>"; };
		52CC1361248A741200D7D523 /* ViewController.swift */ = {isa = PBXFileReference; lastKnownFileType = sourcecode.swift; path = ViewController.swift; sourceTree = "<group>"; };
		52CC1364248A741200D7D523 /* Base */ = {isa = PBXFileReference; lastKnownFileType = file.storyboard; name = Base; path = Base.lproj/Main.storyboard; sourceTree = "<group>"; };
		52CC1366248A741400D7D523 /* Assets.xcassets */ = {isa = PBXFileReference; lastKnownFileType = folder.assetcatalog; path = Assets.xcassets; sourceTree = "<group>"; };
		52CC1369248A741400D7D523 /* Base */ = {isa = PBXFileReference; lastKnownFileType = file.storyboard; name = Base; path = Base.lproj/LaunchScreen.storyboard; sourceTree = "<group>"; };
		52CC136B248A741400D7D523 /* Info.plist */ = {isa = PBXFileReference; lastKnownFileType = text.plist.xml; path = Info.plist; sourceTree = "<group>"; };
		52CC1370248A741400D7D523 /* LookAroundTests.xctest */ = {isa = PBXFileReference; explicitFileType = wrapper.cfbundle; includeInIndex = 0; path = LookAroundTests.xctest; sourceTree = BUILT_PRODUCTS_DIR; };
		52CC1374248A741400D7D523 /* LookAroundTests.swift */ = {isa = PBXFileReference; lastKnownFileType = sourcecode.swift; path = LookAroundTests.swift; sourceTree = "<group>"; };
		52CC1376248A741500D7D523 /* Info.plist */ = {isa = PBXFileReference; lastKnownFileType = text.plist.xml; path = Info.plist; sourceTree = "<group>"; };
/* End PBXFileReference section */

/* Begin PBXFrameworksBuildPhase section */
		52CC1357248A741200D7D523 /* Frameworks */ = {
			isa = PBXFrameworksBuildPhase;
			buildActionMask = 2147483647;
			files = (
			);
			runOnlyForDeploymentPostprocessing = 0;
		};
		52CC136D248A741400D7D523 /* Frameworks */ = {
			isa = PBXFrameworksBuildPhase;
			buildActionMask = 2147483647;
			files = (
			);
			runOnlyForDeploymentPostprocessing = 0;
		};
/* End PBXFrameworksBuildPhase section */

/* Begin PBXGroup section */
		52CC1351248A741200D7D523 = {
			isa = PBXGroup;
			children = (
				52CC135C248A741200D7D523 /* LookAround */,
				52CC1373248A741400D7D523 /* LookAroundTests */,
				52CC135B248A741200D7D523 /* Products */,
			);
			sourceTree = "<group>";
		};
		52CC135B248A741200D7D523 /* Products */ = {
			isa = PBXGroup;
			children = (
				52CC135A248A741200D7D523 /* LookAround.app */,
				52CC1370248A741400D7D523 /* LookAroundTests.xctest */,
			);
			name = Products;
			sourceTree = "<group>";
		};
		52CC135C248A741200D7D523 /* LookAround */ = {
			isa = PBXGroup;
			children = (
				52CC135D248A741200D7D523 /* AppDelegate.swift */,
				52CC135F248A741200D7D523 /* SceneDelegate.swift */,
				52CC1361248A741200D7D523 /* ViewController.swift */,
				52CC1363248A741200D7D523 /* Main.storyboard */,
				52CC1366248A741400D7D523 /* Assets.xcassets */,
				52CC1368248A741400D7D523 /* LaunchScreen.storyboard */,
				52CC136B248A741400D7D523 /* Info.plist */,
			);
			path = LookAround;
			sourceTree = "<group>";
		};
		52CC1373248A741400D7D523 /* LookAroundTests */ = {
			isa = PBXGroup;
			children = (
				52CC1374248A741400D7D523 /* LookAroundTests.swift */,
				52CC1376248A741500D7D523 /* Info.plist */,
			);
			path = LookAroundTests;
			sourceTree = "<group>";
		};
/* End PBXGroup section */

/* Begin PBXNativeTarget section */
		52CC1359248A741200D7D523 /* LookAround */ = {
			isa = PBXNativeTarget;
			buildConfigurationList = 52CC1379248A741500D7D523 /* Build configuration list for PBXNativeTarget "LookAround" */;
			buildPhases = (
				52CC1356248A741200D7D523 /* Sources */,
				52CC1357248A741200D7D523 /* Frameworks */,
				52CC1358248A741200D7D523 /* Resources */,
			);
			buildRules = (
			);
			dependencies = (
			);
			name = LookAround;
			productName = LookAround;
			productReference = 52CC135A248A741200D7D523 /* LookAround.app */;
			productType = "com.apple.product-type.application";
		};
		52CC136F248A741400D7D523 /* LookAroundTests */ = {
			isa = PBXNativeTarget;
			buildConfigurationList = 52CC137C248A741500D7D523 /* Build configuration list for PBXNativeTarget "LookAroundTests" */;
			buildPhases = (
				52CC136C248A741400D7D523 /* Sources */,
				52CC136D248A741400D7D523 /* Frameworks */,
				52CC136E248A741400D7D523 /* Resources */,
			);
			buildRules = (
			);
			dependencies = (
				52CC1372248A741400D7D523 /* PBXTargetDependency */,
			);
			name = LookAroundTests;
			productName = LookAroundTests;
			productReference = 52CC1370248A741400D7D523 /* LookAroundTests.xctest */;
			productType = "com.apple.product-type.bundle.unit-test";
		};
/* End PBXNativeTarget section */

/* Begin PBXProject section */
		52CC1352248A741200D7D523 /* Project object */ = {
			isa = PBXProject;
			attributes = {
				LastSwiftUpdateCheck = 1130;
				LastUpgradeCheck = 1130;
				ORGANIZATIONNAME = "Baran Gungor";
				TargetAttributes = {
					52CC1359248A741200D7D523 = {
						CreatedOnToolsVersion = 11.3;
					};
					52CC136F248A741400D7D523 = {
						CreatedOnToolsVersion = 11.3;
						TestTargetID = 52CC1359248A741200D7D523;
					};
				};
			};
			buildConfigurationList = 52CC1355248A741200D7D523 /* Build configuration list for PBXProject "LookAround" */;
			compatibilityVersion = "Xcode 9.3";
			developmentRegion = en;
			hasScannedForEncodings = 0;
			knownRegions = (
				en,
				Base,
			);
			mainGroup = 52CC1351248A741200D7D523;
			productRefGroup = 52CC135B248A741200D7D523 /* Products */;
			projectDirPath = "";
			projectRoot = "";
			targets = (
				52CC1359248A741200D7D523 /* LookAround */,
				52CC136F248A741400D7D523 /* LookAroundTests */,
			);
		};
/* End PBXProject section */

/* Begin PBXResourcesBuildPhase section */
		52CC1358248A741200D7D523 /* Resources */ = {
			isa = PBXResourcesBuildPhase;
			buildActionMask = 2147483647;
			files = (
				52CC136A248A741400D7D523 /* LaunchScreen.storyboard in Resources */,
				52CC1367248A741400D7D523 /* Assets.xcassets in Resources */,
				52CC1365248A741200D7D523 /* Main.storyboard in Resources */,
			);
			runOnlyForDeploymentPostprocessing = 0;
		};
		52CC136E248A741400D7D523 /* Resources */ = {
			isa = PBXResourcesBuildPhase;
			buildActionMask = 2147483647;
			files = (
			);
			runOnlyForDeploymentPostprocessing = 0;
		};
/* End PBXResourcesBuildPhase section */

/* Begin PBXSourcesBuildPhase section */
		52CC1356248A741200D7D523 /* Sources */ = {
			isa = PBXSourcesBuildPhase;
			buildActionMask = 2147483647;
			files = (
				52CC1362248A741200D7D523 /* ViewController.swift in Sources */,
				52CC135E248A741200D7D523 /* AppDelegate.swift in Sources */,
				52CC1360248A741200D7D523 /* SceneDelegate.swift in Sources */,
			);
			runOnlyForDeploymentPostprocessing = 0;
		};
		52CC136C248A741400D7D523 /* Sources */ = {
			isa = PBXSourcesBuildPhase;
			buildActionMask = 2147483647;
			files = (
				52CC1375248A741400D7D523 /* LookAroundTests.swift in Sources */,
			);
			runOnlyForDeploymentPostprocessing = 0;
		};
/* End PBXSourcesBuildPhase section */

/* Begin PBXTargetDependency section */
		52CC1372248A741400D7D523 /* PBXTargetDependency */ = {
			isa = PBXTargetDependency;
			target = 52CC1359248A741200D7D523 /* LookAround */;
			targetProxy = 52CC1371248A741400D7D523 /* PBXContainerItemProxy */;
		};
/* End PBXTargetDependency section */

/* Begin PBXVariantGroup section */
		52CC1363248A741200D7D523 /* Main.storyboard */ = {
			isa = PBXVariantGroup;
			children = (
				52CC1364248A741200D7D523 /* Base */,
			);
			name = Main.storyboard;
			sourceTree = "<group>";
		};
		52CC1368248A741400D7D523 /* LaunchScreen.storyboard */ = {
			isa = PBXVariantGroup;
			children = (
				52CC1369248A741400D7D523 /* Base */,
			);
			name = LaunchScreen.storyboard;
			sourceTree = "<group>";
		};
/* End PBXVariantGroup section */

/* Begin XCBuildConfiguration section */
		52CC1377248A741500D7D523 /* Debug */ = {
			isa = XCBuildConfiguration;
			buildSettings = {
				ALWAYS_SEARCH_USER_PATHS = NO;
				CLANG_ANALYZER_NONNULL = YES;
				CLANG_ANALYZER_NUMBER_OBJECT_CONVERSION = YES_AGGRESSIVE;
				CLANG_CXX_LANGUAGE_STANDARD = "gnu++14";
				CLANG_CXX_LIBRARY = "libc++";
				CLANG_ENABLE_MODULES = YES;
				CLANG_ENABLE_OBJC_ARC = YES;
				CLANG_ENABLE_OBJC_WEAK = YES;
				CLANG_WARN_BLOCK_CAPTURE_AUTORELEASING = YES;
				CLANG_WARN_BOOL_CONVERSION = YES;
				CLANG_WARN_COMMA = YES;
				CLANG_WARN_CONSTANT_CONVERSION = YES;
				CLANG_WARN_DEPRECATED_OBJC_IMPLEMENTATIONS = YES;
				CLANG_WARN_DIRECT_OBJC_ISA_USAGE = YES_ERROR;
				CLANG_WARN_DOCUMENTATION_COMMENTS = YES;
				CLANG_WARN_EMPTY_BODY = YES;
				CLANG_WARN_ENUM_CONVERSION = YES;
				CLANG_WARN_INFINITE_RECURSION = YES;
				CLANG_WARN_INT_CONVERSION = YES;
				CLANG_WARN_NON_LITERAL_NULL_CONVERSION = YES;
				CLANG_WARN_OBJC_IMPLICIT_RETAIN_SELF = YES;
				CLANG_WARN_OBJC_LITERAL_CONVERSION = YES;
				CLANG_WARN_OBJC_ROOT_CLASS = YES_ERROR;
				CLANG_WARN_RANGE_LOOP_ANALYSIS = YES;
				CLANG_WARN_STRICT_PROTOTYPES = YES;
				CLANG_WARN_SUSPICIOUS_MOVE = YES;
				CLANG_WARN_UNGUARDED_AVAILABILITY = YES_AGGRESSIVE;
				CLANG_WARN_UNREACHABLE_CODE = YES;
				CLANG_WARN__DUPLICATE_METHOD_MATCH = YES;
				COPY_PHASE_STRIP = NO;
				DEBUG_INFORMATION_FORMAT = dwarf;
				ENABLE_STRICT_OBJC_MSGSEND = YES;
				ENABLE_TESTABILITY = YES;
				GCC_C_LANGUAGE_STANDARD = gnu11;
				GCC_DYNAMIC_NO_PIC = NO;
				GCC_NO_COMMON_BLOCKS = YES;
				GCC_OPTIMIZATION_LEVEL = 0;
				GCC_PREPROCESSOR_DEFINITIONS = (
					"DEBUG=1",
					"$(inherited)",
				);
				GCC_WARN_64_TO_32_BIT_CONVERSION = YES;
				GCC_WARN_ABOUT_RETURN_TYPE = YES_ERROR;
				GCC_WARN_UNDECLARED_SELECTOR = YES;
				GCC_WARN_UNINITIALIZED_AUTOS = YES_AGGRESSIVE;
				GCC_WARN_UNUSED_FUNCTION = YES;
				GCC_WARN_UNUSED_VARIABLE = YES;
				IPHONEOS_DEPLOYMENT_TARGET = 13.2;
				MTL_ENABLE_DEBUG_INFO = INCLUDE_SOURCE;
				MTL_FAST_MATH = YES;
				ONLY_ACTIVE_ARCH = YES;
				SDKROOT = iphoneos;
				SWIFT_ACTIVE_COMPILATION_CONDITIONS = DEBUG;
				SWIFT_OPTIMIZATION_LEVEL = "-Onone";
			};
			name = Debug;
		};
		52CC1378248A741500D7D523 /* Release */ = {
			isa = XCBuildConfiguration;
			buildSettings = {
				ALWAYS_SEARCH_USER_PATHS = NO;
				CLANG_ANALYZER_NONNULL = YES;
				CLANG_ANALYZER_NUMBER_OBJECT_CONVERSION = YES_AGGRESSIVE;
				CLANG_CXX_LANGUAGE_STANDARD = "gnu++14";
				CLANG_CXX_LIBRARY = "libc++";
				CLANG_ENABLE_MODULES = YES;
				CLANG_ENABLE_OBJC_ARC = YES;
				CLANG_ENABLE_OBJC_WEAK = YES;
				CLANG_WARN_BLOCK_CAPTURE_AUTORELEASING = YES;
				CLANG_WARN_BOOL_CONVERSION = YES;
				CLANG_WARN_COMMA = YES;
				CLANG_WARN_CONSTANT_CONVERSION = YES;
				CLANG_WARN_DEPRECATED_OBJC_IMPLEMENTATIONS = YES;
				CLANG_WARN_DIRECT_OBJC_ISA_USAGE = YES_ERROR;
				CLANG_WARN_DOCUMENTATION_COMMENTS = YES;
				CLANG_WARN_EMPTY_BODY = YES;
				CLANG_WARN_ENUM_CONVERSION = YES;
				CLANG_WARN_INFINITE_RECURSION = YES;
				CLANG_WARN_INT_CONVERSION = YES;
				CLANG_WARN_NON_LITERAL_NULL_CONVERSION = YES;
				CLANG_WARN_OBJC_IMPLICIT_RETAIN_SELF = YES;
				CLANG_WARN_OBJC_LITERAL_CONVERSION = YES;
				CLANG_WARN_OBJC_ROOT_CLASS = YES_ERROR;
				CLANG_WARN_RANGE_LOOP_ANALYSIS = YES;
				CLANG_WARN_STRICT_PROTOTYPES = YES;
				CLANG_WARN_SUSPICIOUS_MOVE = YES;
				CLANG_WARN_UNGUARDED_AVAILABILITY = YES_AGGRESSIVE;
				CLANG_WARN_UNREACHABLE_CODE = YES;
				CLANG_WARN__DUPLICATE_METHOD_MATCH = YES;
				COPY_PHASE_STRIP = NO;
				DEBUG_INFORMATION_FORMAT = "dwarf-with-dsym";
				ENABLE_NS_ASSERTIONS = NO;
				ENABLE_STRICT_OBJC_MSGSEND = YES;
				GCC_C_LANGUAGE_STANDARD = gnu11;
				GCC_NO_COMMON_BLOCKS = YES;
				GCC_WARN_64_TO_32_BIT_CONVERSION = YES;
				GCC_WARN_ABOUT_RETURN_TYPE = YES_ERROR;
				GCC_WARN_UNDECLARED_SELECTOR = YES;
				GCC_WARN_UNINITIALIZED_AUTOS = YES_AGGRESSIVE;
				GCC_WARN_UNUSED_FUNCTION = YES;
				GCC_WARN_UNUSED_VARIABLE = YES;
				IPHONEOS_DEPLOYMENT_TARGET = 13.2;
				MTL_ENABLE_DEBUG_INFO = NO;
				MTL_FAST_MATH = YES;
				SDKROOT = iphoneos;
				SWIFT_COMPILATION_MODE = wholemodule;
				SWIFT_OPTIMIZATION_LEVEL = "-O";
				VALIDATE_PRODUCT = YES;
			};
			name = Release;
		};
		52CC137A248A741500D7D523 /* Debug */ = {
			isa = XCBuildConfiguration;
			buildSettings = {
				ASSETCATALOG_COMPILER_APPICON_NAME = AppIcon;
				CODE_SIGN_STYLE = Automatic;
				DEVELOPMENT_TEAM = 4425F79827;
				INFOPLIST_FILE = LookAround/Info.plist;
				LD_RUNPATH_SEARCH_PATHS = (
					"$(inherited)",
					"@executable_path/Frameworks",
				);
				PRODUCT_BUNDLE_IDENTIFIER = marti.LookAround;
				PRODUCT_NAME = "$(TARGET_NAME)";
				SWIFT_VERSION = 5.0;
				TARGETED_DEVICE_FAMILY = "1,2";
			};
			name = Debug;
		};
		52CC137B248A741500D7D523 /* Release */ = {
			isa = XCBuildConfiguration;
			buildSettings = {
				ASSETCATALOG_COMPILER_APPICON_NAME = AppIcon;
				CODE_SIGN_STYLE = Automatic;
				DEVELOPMENT_TEAM = 4425F79827;
				INFOPLIST_FILE = LookAround/Info.plist;
				LD_RUNPATH_SEARCH_PATHS = (
					"$(inherited)",
					"@executable_path/Frameworks",
				);
				PRODUCT_BUNDLE_IDENTIFIER = marti.LookAround;
				PRODUCT_NAME = "$(TARGET_NAME)";
				SWIFT_VERSION = 5.0;
				TARGETED_DEVICE_FAMILY = "1,2";
			};
			name = Release;
		};
		52CC137D248A741500D7D523 /* Debug */ = {
			isa = XCBuildConfiguration;
			buildSettings = {
				ALWAYS_EMBED_SWIFT_STANDARD_LIBRARIES = YES;
				BUNDLE_LOADER = "$(TEST_HOST)";
				CODE_SIGN_STYLE = Automatic;
				DEVELOPMENT_TEAM = 4425F79827;
				INFOPLIST_FILE = LookAroundTests/Info.plist;
				IPHONEOS_DEPLOYMENT_TARGET = 13.2;
				LD_RUNPATH_SEARCH_PATHS = (
					"$(inherited)",
					"@executable_path/Frameworks",
					"@loader_path/Frameworks",
				);
				PRODUCT_BUNDLE_IDENTIFIER = marti.LookAroundTests;
				PRODUCT_NAME = "$(TARGET_NAME)";
				SWIFT_VERSION = 5.0;
				TARGETED_DEVICE_FAMILY = "1,2";
				TEST_HOST = "$(BUILT_PRODUCTS_DIR)/LookAround.app/LookAround";
			};
			name = Debug;
		};
		52CC137E248A741500D7D523 /* Release */ = {
			isa = XCBuildConfiguration;
			buildSettings = {
				ALWAYS_EMBED_SWIFT_STANDARD_LIBRARIES = YES;
				BUNDLE_LOADER = "$(TEST_HOST)";
				CODE_SIGN_STYLE = Automatic;
				DEVELOPMENT_TEAM = 4425F79827;
				INFOPLIST_FILE = LookAroundTests/Info.plist;
				IPHONEOS_DEPLOYMENT_TARGET = 13.2;
				LD_RUNPATH_SEARCH_PATHS = (
					"$(inherited)",
					"@executable_path/Frameworks",
					"@loader_path/Frameworks",
				);
				PRODUCT_BUNDLE_IDENTIFIER = marti.LookAroundTests;
				PRODUCT_NAME = "$(TARGET_NAME)";
				SWIFT_VERSION = 5.0;
				TARGETED_DEVICE_FAMILY = "1,2";
				TEST_HOST = "$(BUILT_PRODUCTS_DIR)/LookAround.app/LookAround";
			};
			name = Release;
		};
/* End XCBuildConfiguration section */

/* Begin XCConfigurationList section */
		52CC1355248A741200D7D523 /* Build configuration list for PBXProject "LookAround" */ = {
			isa = XCConfigurationList;
			buildConfigurations = (
				52CC1377248A741500D7D523 /* Debug */,
				52CC1378248A741500D7D523 /* Release */,
			);
			defaultConfigurationIsVisible = 0;
			defaultConfigurationName = Release;
		};
		52CC1379248A741500D7D523 /* Build configuration list for PBXNativeTarget "LookAround" */ = {
			isa = XCConfigurationList;
			buildConfigurations = (
				52CC137A248A741500D7D523 /* Debug */,
				52CC137B248A741500D7D523 /* Release */,
			);
			defaultConfigurationIsVisible = 0;
			defaultConfigurationName = Release;
		};
		52CC137C248A741500D7D523 /* Build configuration list for PBXNativeTarget "LookAroundTests" */ = {
			isa = XCConfigurationList;
			buildConfigurations = (
				52CC137D248A741500D7D523 /* Debug */,
				52CC137E248A741500D7D523 /* Release */,
			);
			defaultConfigurationIsVisible = 0;
			defaultConfigurationName = Release;
		};
/* End XCConfigurationList section */
	};
	rootObject = 52CC1352248A741200D7D523 /* Project object */;
}
